
Microsoft Visual Studio Solution File, Format Version 12.00
# Visual Studio 2012
Project("{FAE04EC0-301F-11D3-BF4B-00C04F79EFBC}") = "HotDinnerData", "HotDinnerData.csproj", "{B5DC5F74-BF95-457C-A0DE-BF758FDD36E3}"
EndProject
Project("{FAE04EC0-301F-11D3-BF4B-00C04F79EFBC}") = "HotDinnerData.Test", "HotDinnerData.Test\HotDinnerData.Test.csproj", "{EB8F1189-53AD-4C40-BAD3-BC2780470C1A}"
EndProject
Global
	GlobalSection(SolutionConfigurationPlatforms) = preSolution
		Debug|Any CPU = Debug|Any CPU
		Release|Any CPU = Release|Any CPU
	EndGlobalSection
	GlobalSection(ProjectConfigurationPlatforms) = postSolution
		{B5DC5F74-BF95-457C-A0DE-BF758FDD36E3}.Debug|Any CPU.ActiveCfg = Debug|Any CPU
		{B5DC5F74-BF95-457C-A0DE-BF758FDD36E3}.Debug|Any CPU.Build.0 = Debug|Any CPU
		{B5DC5F74-BF95-457C-A0DE-BF758FDD36E3}.Release|Any CPU.ActiveCfg = Release|Any CPU
		{B5DC5F74-BF95-457C-A0DE-BF758FDD36E3}.Release|Any CPU.Build.0 = Release|Any CPU
		{EB8F1189-53AD-4C40-BAD3-BC2780470C1A}.Debug|Any CPU.ActiveCfg = Debug|Any CPU
		{EB8F1189-53AD-4C40-BAD3-BC2780470C1A}.Debug|Any CPU.Build.0 = Debug|Any CPU
		{EB8F1189-53AD-4C40-BAD3-BC2780470C1A}.Release|Any CPU.ActiveCfg = Release|Any CPU
		{EB8F1189-53AD-4C40-BAD3-BC2780470C1A}.Release|Any CPU.Build.0 = Release|Any CPU
	EndGlobalSection
	GlobalSection(SolutionProperties) = preSolution
		HideSolutionNode = FALSE
	EndGlobalSection
EndGlobal
