
Microsoft Visual Studio Solution File, Format Version 12.00
# Visual Studio 2012
Project("{FAE04EC0-301F-11D3-BF4B-00C04F79EFBC}") = "PlanbowApp", "PlanbowApp\PlanbowApp.csproj", "{72B2A6A3-DD2C-416F-9E02-ACDCE864BC23}"
EndProject
Project("{FAE04EC0-301F-11D3-BF4B-00C04F79EFBC}") = "Planbow.Data", "Planbow.Data\Planbow.Data.csproj", "{5A8D0CF8-E86F-4BA7-A98E-7961FA2E34FF}"
EndProject
Project("{FAE04EC0-301F-11D3-BF4B-00C04F79EFBC}") = "Planbow.Models", "Planbow.Models\Planbow.Models.csproj", "{C63E72D0-1FA5-4ED8-AAE0-569577C8A2E5}"
EndProject
Project("{FAE04EC0-301F-11D3-BF4B-00C04F79EFBC}") = "Planbow.Test", "Planbow.Test\Planbow.Test.csproj", "{E787001F-3BB1-4977-9765-ABFF73396354}"
EndProject
Global
	GlobalSection(SolutionConfigurationPlatforms) = preSolution
		Debug|Any CPU = Debug|Any CPU
		Release|Any CPU = Release|Any CPU
	EndGlobalSection
	GlobalSection(ProjectConfigurationPlatforms) = postSolution
		{72B2A6A3-DD2C-416F-9E02-ACDCE864BC23}.Debug|Any CPU.ActiveCfg = Debug|Any CPU
		{72B2A6A3-DD2C-416F-9E02-ACDCE864BC23}.Debug|Any CPU.Build.0 = Debug|Any CPU
		{72B2A6A3-DD2C-416F-9E02-ACDCE864BC23}.Release|Any CPU.ActiveCfg = Release|Any CPU
		{72B2A6A3-DD2C-416F-9E02-ACDCE864BC23}.Release|Any CPU.Build.0 = Release|Any CPU
		{5A8D0CF8-E86F-4BA7-A98E-7961FA2E34FF}.Debug|Any CPU.ActiveCfg = Debug|Any CPU
		{5A8D0CF8-E86F-4BA7-A98E-7961FA2E34FF}.Debug|Any CPU.Build.0 = Debug|Any CPU
		{5A8D0CF8-E86F-4BA7-A98E-7961FA2E34FF}.Release|Any CPU.ActiveCfg = Release|Any CPU
		{5A8D0CF8-E86F-4BA7-A98E-7961FA2E34FF}.Release|Any CPU.Build.0 = Release|Any CPU
		{C63E72D0-1FA5-4ED8-AAE0-569577C8A2E5}.Debug|Any CPU.ActiveCfg = Debug|Any CPU
		{C63E72D0-1FA5-4ED8-AAE0-569577C8A2E5}.Debug|Any CPU.Build.0 = Debug|Any CPU
		{C63E72D0-1FA5-4ED8-AAE0-569577C8A2E5}.Release|Any CPU.ActiveCfg = Release|Any CPU
		{C63E72D0-1FA5-4ED8-AAE0-569577C8A2E5}.Release|Any CPU.Build.0 = Release|Any CPU
		{E787001F-3BB1-4977-9765-ABFF73396354}.Debug|Any CPU.ActiveCfg = Debug|Any CPU
		{E787001F-3BB1-4977-9765-ABFF73396354}.Debug|Any CPU.Build.0 = Debug|Any CPU
		{E787001F-3BB1-4977-9765-ABFF73396354}.Release|Any CPU.ActiveCfg = Release|Any CPU
		{E787001F-3BB1-4977-9765-ABFF73396354}.Release|Any CPU.Build.0 = Release|Any CPU
	EndGlobalSection
	GlobalSection(SolutionProperties) = preSolution
		HideSolutionNode = FALSE
	EndGlobalSection
EndGlobal
